
Microsoft Visual Studio Solution File, Format Version 12.00
# Visual Studio Version 16
VisualStudioVersion = 16.0.29409.12
MinimumVisualStudioVersion = 10.0.40219.1
Project("{FAE04EC0-301F-11D3-BF4B-00C04F79EFBC}") = "BPS_Attrition", "BPS_Attrition.csproj", "{363B1749-6366-49B1-BF66-8EF23046FD74}"
EndProject
Global
	GlobalSection(SolutionConfigurationPlatforms) = preSolution
		Debug|Any CPU = Debug|Any CPU
		Release|Any CPU = Release|Any CPU
	EndGlobalSection
	GlobalSection(ProjectConfigurationPlatforms) = postSolution
		{363B1749-6366-49B1-BF66-8EF23046FD74}.Debug|Any CPU.ActiveCfg = Debug|Any CPU
		{363B1749-6366-49B1-BF66-8EF23046FD74}.Debug|Any CPU.Build.0 = Debug|Any CPU
		{363B1749-6366-49B1-BF66-8EF23046FD74}.Release|Any CPU.ActiveCfg = Release|Any CPU
		{363B1749-6366-49B1-BF66-8EF23046FD74}.Release|Any CPU.Build.0 = Release|Any CPU
	EndGlobalSection
	GlobalSection(SolutionProperties) = preSolution
		HideSolutionNode = FALSE
	EndGlobalSection
	GlobalSection(ExtensibilityGlobals) = postSolution
		SolutionGuid = {2681B050-E481-4CB4-BF38-35C0D5C34210}
	EndGlobalSection
EndGlobal
